{
  "lockfileVersion": 1,
  "configVersion": 1,
  "workspaces": {
    "": {
      "name": "comment-checker",
      "dependencies": {
        "@vscode/tree-sitter-wasm": "^0.3.1",
      },
    },
  },
  "packages": {
    "@vscode/tree-sitter-wasm": ["@vscode/tree-sitter-wasm@0.3.1", "", {}, "sha512-RJFoomET6FajjG511fmQxeBQfU6M24a0aFZPqpid+ttIxanWf1VGytBG0UmsGjt07qmIPJS8U31D+aecuCucsQ=="],
  }
}
